// !$*UTF8*$!
{
	archiveVersion = 1;
	classes = {
	};
	objectVersion = 56;
	objects = {

/* Begin PBXBuildFile section */
		987C12A82F64C1AA00A1794A /* PersistenceController.swift in Sources */ = {isa = PBXBuildFile; fileRef = 987C12A72F64C19E00A1794A /* PersistenceController.swift */; };
		987C12AF2F64C58400A1794A /* Taskit.xcdatamodeld in Sources */ = {isa = PBXBuildFile; fileRef = 987C12AD2F64C58400A1794A /* Taskit.xcdatamodeld */; };
		B27F35192F624D6300ADA5D5 /* TaskRow.swift in Sources */ = {isa = PBXBuildFile; fileRef = B27F35182F624D6300ADA5D5 /* TaskRow.swift */; };
		B27F351C2F624DA000ADA5D5 /* DateFormatting.swift in Sources */ = {isa = PBXBuildFile; fileRef = B27F351B2F624DA000ADA5D5 /* DateFormatting.swift */; };
		B27F351F2F624DFC00ADA5D5 /* NewTaskView.swift in Sources */ = {isa = PBXBuildFile; fileRef = B27F351E2F624DFC00ADA5D5 /* NewTaskView.swift */; };
		B27F35222F624E5F00ADA5D5 /* Task.swift in Sources */ = {isa = PBXBuildFile; fileRef = B27F35212F624E5F00ADA5D5 /* Task.swift */; };
		B27F35242F624E9800ADA5D5 /* TaskDetailsView.swift in Sources */ = {isa = PBXBuildFile; fileRef = B27F35232F624E9800ADA5D5 /* TaskDetailsView.swift */; };
		B27F35262F624EEE00ADA5D5 /* TaskStore.swift in Sources */ = {isa = PBXBuildFile; fileRef = B27F35252F624EEE00ADA5D5 /* TaskStore.swift */; };
		B27F35282F624F1300ADA5D5 /* TasksView.swift in Sources */ = {isa = PBXBuildFile; fileRef = B27F35272F624F1300ADA5D5 /* TasksView.swift */; };
		B28324442F62483300B633F8 /* TaskitApp.swift in Sources */ = {isa = PBXBuildFile; fileRef = B28324432F62483300B633F8 /* TaskitApp.swift */; };
		B28324482F62483600B633F8 /* Assets.xcassets in Resources */ = {isa = PBXBuildFile; fileRef = B28324472F62483600B633F8 /* Assets.xcassets */; };
		B283244C2F62483600B633F8 /* Preview Assets.xcassets in Resources */ = {isa = PBXBuildFile; fileRef = B283244B2F62483600B633F8 /* Preview Assets.xcassets */; };
		B28324562F62483700B633F8 /* TaskitTests.swift in Sources */ = {isa = PBXBuildFile; fileRef = B28324552F62483700B633F8 /* TaskitTests.swift */; };
		B28324602F62483700B633F8 /* TaskitUITests.swift in Sources */ = {isa = PBXBuildFile; fileRef = B283245F2F62483700B633F8 /* TaskitUITests.swift */; };
		B28324622F62483700B633F8 /* TaskitUITestsLaunchTests.swift in Sources */ = {isa = PBXBuildFile; fileRef = B28324612F62483700B633F8 /* TaskitUITestsLaunchTests.swift */; };
		B28324702F62498400B633F8 /* CategoryChip.swift in Sources */ = {isa = PBXBuildFile; fileRef = B283246F2F62498400B633F8 /* CategoryChip.swift */; };
		B28324722F6249FE00B633F8 /* TagChipsView.swift in Sources */ = {isa = PBXBuildFile; fileRef = B28324712F6249FE00B633F8 /* TagChipsView.swift */; };
		B28324742F624A6D00B633F8 /* TaskDetailActions.swift in Sources */ = {isa = PBXBuildFile; fileRef = B28324732F624A6D00B633F8 /* TaskDetailActions.swift */; };
		B28324762F624AB500B633F8 /* TaskDetailCard.swift in Sources */ = {isa = PBXBuildFile; fileRef = B28324752F624AB500B633F8 /* TaskDetailCard.swift */; };
		B28324782F624ADE00B633F8 /* TaskDetailRow.swift in Sources */ = {isa = PBXBuildFile; fileRef = B28324772F624ADE00B633F8 /* TaskDetailRow.swift */; };
/* End PBXBuildFile section */

/* Begin PBXContainerItemProxy section */
		B28324522F62483700B633F8 /* PBXContainerItemProxy */ = {
			isa = PBXContainerItemProxy;
			containerPortal = B28324382F62483300B633F8 /* Project object */;
			proxyType = 1;
			remoteGlobalIDString = B283243F2F62483300B633F8;
			remoteInfo = Taskit;
		};
		B283245C2F62483700B633F8 /* PBXContainerItemProxy */ = {
			isa = PBXContainerItemProxy;
			containerPortal = B28324382F62483300B633F8 /* Project object */;
			proxyType = 1;
			remoteGlobalIDString = B283243F2F62483300B633F8;
			remoteInfo = Taskit;
		};
/* End PBXContainerItemProxy section */

/* Begin PBXFileReference section */
		987C12A72F64C19E00A1794A /* PersistenceController.swift */ = {isa = PBXFileReference; lastKnownFileType = sourcecode.swift; path = PersistenceController.swift; sourceTree = "<group>"; };
		987C12AE2F64C58400A1794A /* Taskit.xcdatamodel */ = {isa = PBXFileReference; lastKnownFileType = wrapper.xcdatamodel; path = Taskit.xcdatamodel; sourceTree = "<group>"; };
		B27F35182F624D6300ADA5D5 /* TaskRow.swift */ = {isa = PBXFileReference; lastKnownFileType = sourcecode.swift; path = TaskRow.swift; sourceTree = "<group>"; };
		B27F351B2F624DA000ADA5D5 /* DateFormatting.swift */ = {isa = PBXFileReference; lastKnownFileType = sourcecode.swift; path = DateFormatting.swift; sourceTree = "<group>"; };
		B27F351E2F624DFC00ADA5D5 /* NewTaskView.swift */ = {isa = PBXFileReference; lastKnownFileType = sourcecode.swift; path = NewTaskView.swift; sourceTree = "<group>"; };
		B27F35212F624E5F00ADA5D5 /* Task.swift */ = {isa = PBXFileReference; lastKnownFileType = sourcecode.swift; path = Task.swift; sourceTree = "<group>"; };
		B27F35232F624E9800ADA5D5 /* TaskDetailsView.swift */ = {isa = PBXFileReference; lastKnownFileType = sourcecode.swift; path = TaskDetailsView.swift; sourceTree = "<group>"; };
		B27F35252F624EEE00ADA5D5 /* TaskStore.swift */ = {isa = PBXFileReference; lastKnownFileType = sourcecode.swift; path = TaskStore.swift; sourceTree = "<group>"; };
		B27F35272F624F1300ADA5D5 /* TasksView.swift */ = {isa = PBXFileReference; lastKnownFileType = sourcecode.swift; path = TasksView.swift; sourceTree = "<group>"; };
		B28324402F62483300B633F8 /* Taskit.app */ = {isa = PBXFileReference; explicitFileType = wrapper.application; includeInIndex = 0; path = Taskit.app; sourceTree = BUILT_PRODUCTS_DIR; };
		B28324432F62483300B633F8 /* TaskitApp.swift */ = {isa = PBXFileReference; lastKnownFileType = sourcecode.swift; path = TaskitApp.swift; sourceTree = "<group>"; };
		B28324472F62483600B633F8 /* Assets.xcassets */ = {isa = PBXFileReference; lastKnownFileType = folder.assetcatalog; path = Assets.xcassets; sourceTree = "<group>"; };
		B28324492F62483600B633F8 /* Taskit.entitlements */ = {isa = PBXFileReference; lastKnownFileType = text.plist.entitlements; path = Taskit.entitlements; sourceTree = "<group>"; };
		B283244B2F62483600B633F8 /* Preview Assets.xcassets */ = {isa = PBXFileReference; lastKnownFileType = folder.assetcatalog; path = "Preview Assets.xcassets"; sourceTree = "<group>"; };
		B28324512F62483700B633F8 /* TaskitTests.xctest */ = {isa = PBXFileReference; explicitFileType = wrapper.cfbundle; includeInIndex = 0; path = TaskitTests.xctest; sourceTree = BUILT_PRODUCTS_DIR; };
		B28324552F62483700B633F8 /* TaskitTests.swift */ = {isa = PBXFileReference; lastKnownFileType = sourcecode.swift; path = TaskitTests.swift; sourceTree = "<group>"; };
		B283245B2F62483700B633F8 /* TaskitUITests.xctest */ = {isa = PBXFileReference; explicitFileType = wrapper.cfbundle; includeInIndex = 0; path = TaskitUITests.xctest; sourceTree = BUILT_PRODUCTS_DIR; };
		B283245F2F62483700B633F8 /* TaskitUITests.swift */ = {isa = PBXFileReference; lastKnownFileType = sourcecode.swift; path = TaskitUITests.swift; sourceTree = "<group>"; };
		B28324612F62483700B633F8 /* TaskitUITestsLaunchTests.swift */ = {isa = PBXFileReference; lastKnownFileType = sourcecode.swift; path = TaskitUITestsLaunchTests.swift; sourceTree = "<group>"; };
		B283246F2F62498400B633F8 /* CategoryChip.swift */ = {isa = PBXFileReference; lastKnownFileType = sourcecode.swift; path = CategoryChip.swift; sourceTree = "<group>"; };
		B28324712F6249FE00B633F8 /* TagChipsView.swift */ = {isa = PBXFileReference; lastKnownFileType = sourcecode.swift; path = TagChipsView.swift; sourceTree = "<group>"; };
		B28324732F624A6D00B633F8 /* TaskDetailActions.swift */ = {isa = PBXFileReference; lastKnownFileType = sourcecode.swift; path = TaskDetailActions.swift; sourceTree = "<group>"; };
		B28324752F624AB500B633F8 /* TaskDetailCard.swift */ = {isa = PBXFileReference; lastKnownFileType = sourcecode.swift; path = TaskDetailCard.swift; sourceTree = "<group>"; };
		B28324772F624ADE00B633F8 /* TaskDetailRow.swift */ = {isa = PBXFileReference; lastKnownFileType = sourcecode.swift; path = TaskDetailRow.swift; sourceTree = "<group>"; };
/* End PBXFileReference section */

/* Begin PBXFrameworksBuildPhase section */
		B283243D2F62483300B633F8 /* Frameworks */ = {
			isa = PBXFrameworksBuildPhase;
			buildActionMask = 2147483647;
			files = (
			);
			runOnlyForDeploymentPostprocessing = 0;
		};
		B283244E2F62483700B633F8 /* Frameworks */ = {
			isa = PBXFrameworksBuildPhase;
			buildActionMask = 2147483647;
			files = (
			);
			runOnlyForDeploymentPostprocessing = 0;
		};
		B28324582F62483700B633F8 /* Frameworks */ = {
			isa = PBXFrameworksBuildPhase;
			buildActionMask = 2147483647;
			files = (
			);
			runOnlyForDeploymentPostprocessing = 0;
		};
/* End PBXFrameworksBuildPhase section */

/* Begin PBXGroup section */
		B27F351A2F624D8600ADA5D5 /* utilities */ = {
			isa = PBXGroup;
			children = (
				B27F351B2F624DA000ADA5D5 /* DateFormatting.swift */,
			);
			path = utilities;
			sourceTree = "<group>";
		};
		B27F351D2F624DE300ADA5D5 /* views */ = {
			isa = PBXGroup;
			children = (
				B27F35292F62508E00ADA5D5 /* modals */,
				B27F351E2F624DFC00ADA5D5 /* NewTaskView.swift */,
				B27F35232F624E9800ADA5D5 /* TaskDetailsView.swift */,
				B27F35272F624F1300ADA5D5 /* TasksView.swift */,
			);
			path = views;
			sourceTree = "<group>";
		};
		B27F35202F624E3000ADA5D5 /* data */ = {
			isa = PBXGroup;
			children = (
				987C12A72F64C19E00A1794A /* PersistenceController.swift */,
				B27F35212F624E5F00ADA5D5 /* Task.swift */,
				B27F35252F624EEE00ADA5D5 /* TaskStore.swift */,
				987C12AD2F64C58400A1794A /* Taskit.xcdatamodeld */,
			);
			path = data;
			sourceTree = "<group>";
		};
		B27F35292F62508E00ADA5D5 /* modals */ = {
			isa = PBXGroup;
			children = (
			);
			path = modals;
			sourceTree = "<group>";
		};
		B28324372F62483300B633F8 = {
			isa = PBXGroup;
			children = (
				B28324422F62483300B633F8 /* Taskit */,
				B28324542F62483700B633F8 /* TaskitTests */,
				B283245E2F62483700B633F8 /* TaskitUITests */,
				B28324412F62483300B633F8 /* Products */,
			);
			sourceTree = "<group>";
		};
		B28324412F62483300B633F8 /* Products */ = {
			isa = PBXGroup;
			children = (
				B28324402F62483300B633F8 /* Taskit.app */,
				B28324512F62483700B633F8 /* TaskitTests.xctest */,
				B283245B2F62483700B633F8 /* TaskitUITests.xctest */,
			);
			name = Products;
			sourceTree = "<group>";
		};
		B28324422F62483300B633F8 /* Taskit */ = {
			isa = PBXGroup;
			children = (
				B27F35202F624E3000ADA5D5 /* data */,
				B27F351D2F624DE300ADA5D5 /* views */,
				B27F351A2F624D8600ADA5D5 /* utilities */,
				B283246E2F62491900B633F8 /* components */,
				B28324432F62483300B633F8 /* TaskitApp.swift */,
				B28324472F62483600B633F8 /* Assets.xcassets */,
				B28324492F62483600B633F8 /* Taskit.entitlements */,
				B283244A2F62483600B633F8 /* Preview Content */,
			);
			path = Taskit;
			sourceTree = "<group>";
		};
		B283244A2F62483600B633F8 /* Preview Content */ = {
			isa = PBXGroup;
			children = (
				B283244B2F62483600B633F8 /* Preview Assets.xcassets */,
			);
			path = "Preview Content";
			sourceTree = "<group>";
		};
		B28324542F62483700B633F8 /* TaskitTests */ = {
			isa = PBXGroup;
			children = (
				B28324552F62483700B633F8 /* TaskitTests.swift */,
			);
			path = TaskitTests;
			sourceTree = "<group>";
		};
		B283245E2F62483700B633F8 /* TaskitUITests */ = {
			isa = PBXGroup;
			children = (
				B283245F2F62483700B633F8 /* TaskitUITests.swift */,
				B28324612F62483700B633F8 /* TaskitUITestsLaunchTests.swift */,
			);
			path = TaskitUITests;
			sourceTree = "<group>";
		};
		B283246E2F62491900B633F8 /* components */ = {
			isa = PBXGroup;
			children = (
				B283246F2F62498400B633F8 /* CategoryChip.swift */,
				B28324712F6249FE00B633F8 /* TagChipsView.swift */,
				B28324732F624A6D00B633F8 /* TaskDetailActions.swift */,
				B28324752F624AB500B633F8 /* TaskDetailCard.swift */,
				B28324772F624ADE00B633F8 /* TaskDetailRow.swift */,
				B27F35182F624D6300ADA5D5 /* TaskRow.swift */,
			);
			path = components;
			sourceTree = "<group>";
		};
/* End PBXGroup section */

/* Begin PBXNativeTarget section */
		B283243F2F62483300B633F8 /* Taskit */ = {
			isa = PBXNativeTarget;
			buildConfigurationList = B28324652F62483700B633F8 /* Build configuration list for PBXNativeTarget "Taskit" */;
			buildPhases = (
				B283243C2F62483300B633F8 /* Sources */,
				B283243D2F62483300B633F8 /* Frameworks */,
				B283243E2F62483300B633F8 /* Resources */,
			);
			buildRules = (
			);
			dependencies = (
			);
			name = Taskit;
			productName = Taskit;
			productReference = B28324402F62483300B633F8 /* Taskit.app */;
			productType = "com.apple.product-type.application";
		};
		B28324502F62483700B633F8 /* TaskitTests */ = {
			isa = PBXNativeTarget;
			buildConfigurationList = B28324682F62483700B633F8 /* Build configuration list for PBXNativeTarget "TaskitTests" */;
			buildPhases = (
				B283244D2F62483700B633F8 /* Sources */,
				B283244E2F62483700B633F8 /* Frameworks */,
				B283244F2F62483700B633F8 /* Resources */,
			);
			buildRules = (
			);
			dependencies = (
				B28324532F62483700B633F8 /* PBXTargetDependency */,
			);
			name = TaskitTests;
			productName = TaskitTests;
			productReference = B28324512F62483700B633F8 /* TaskitTests.xctest */;
			productType = "com.apple.product-type.bundle.unit-test";
		};
		B283245A2F62483700B633F8 /* TaskitUITests */ = {
			isa = PBXNativeTarget;
			buildConfigurationList = B283246B2F62483700B633F8 /* Build configuration list for PBXNativeTarget "TaskitUITests" */;
			buildPhases = (
				B28324572F62483700B633F8 /* Sources */,
				B28324582F62483700B633F8 /* Frameworks */,
				B28324592F62483700B633F8 /* Resources */,
			);
			buildRules = (
			);
			dependencies = (
				B283245D2F62483700B633F8 /* PBXTargetDependency */,
			);
			name = TaskitUITests;
			productName = TaskitUITests;
			productReference = B283245B2F62483700B633F8 /* TaskitUITests.xctest */;
			productType = "com.apple.product-type.bundle.ui-testing";
		};
/* End PBXNativeTarget section */

/* Begin PBXProject section */
		B28324382F62483300B633F8 /* Project object */ = {
			isa = PBXProject;
			attributes = {
				BuildIndependentTargetsInParallel = 1;
				LastSwiftUpdateCheck = 1400;
				LastUpgradeCheck = 1400;
				TargetAttributes = {
					B283243F2F62483300B633F8 = {
						CreatedOnToolsVersion = 14.0;
					};
					B28324502F62483700B633F8 = {
						CreatedOnToolsVersion = 14.0;
						TestTargetID = B283243F2F62483300B633F8;
					};
					B283245A2F62483700B633F8 = {
						CreatedOnToolsVersion = 14.0;
						TestTargetID = B283243F2F62483300B633F8;
					};
				};
			};
			buildConfigurationList = B283243B2F62483300B633F8 /* Build configuration list for PBXProject "Taskit" */;
			compatibilityVersion = "Xcode 14.0";
			developmentRegion = en;
			hasScannedForEncodings = 0;
			knownRegions = (
				en,
				Base,
			);
			mainGroup = B28324372F62483300B633F8;
			productRefGroup = B28324412F62483300B633F8 /* Products */;
			projectDirPath = "";
			projectRoot = "";
			targets = (
				B283243F2F62483300B633F8 /* Taskit */,
				B28324502F62483700B633F8 /* TaskitTests */,
				B283245A2F62483700B633F8 /* TaskitUITests */,
			);
		};
/* End PBXProject section */

/* Begin PBXResourcesBuildPhase section */
		B283243E2F62483300B633F8 /* Resources */ = {
			isa = PBXResourcesBuildPhase;
			buildActionMask = 2147483647;
			files = (
				B283244C2F62483600B633F8 /* Preview Assets.xcassets in Resources */,
				B28324482F62483600B633F8 /* Assets.xcassets in Resources */,
			);
			runOnlyForDeploymentPostprocessing = 0;
		};
		B283244F2F62483700B633F8 /* Resources */ = {
			isa = PBXResourcesBuildPhase;
			buildActionMask = 2147483647;
			files = (
			);
			runOnlyForDeploymentPostprocessing = 0;
		};
		B28324592F62483700B633F8 /* Resources */ = {
			isa = PBXResourcesBuildPhase;
			buildActionMask = 2147483647;
			files = (
			);
			runOnlyForDeploymentPostprocessing = 0;
		};
/* End PBXResourcesBuildPhase section */

/* Begin PBXSourcesBuildPhase section */
		B283243C2F62483300B633F8 /* Sources */ = {
			isa = PBXSourcesBuildPhase;
			buildActionMask = 2147483647;
			files = (
				B28324742F624A6D00B633F8 /* TaskDetailActions.swift in Sources */,
				B27F35282F624F1300ADA5D5 /* TasksView.swift in Sources */,
				B27F351C2F624DA000ADA5D5 /* DateFormatting.swift in Sources */,
				B27F35262F624EEE00ADA5D5 /* TaskStore.swift in Sources */,
				B27F35242F624E9800ADA5D5 /* TaskDetailsView.swift in Sources */,
				B27F35222F624E5F00ADA5D5 /* Task.swift in Sources */,
				B27F351F2F624DFC00ADA5D5 /* NewTaskView.swift in Sources */,
				B28324702F62498400B633F8 /* CategoryChip.swift in Sources */,
				B27F35192F624D6300ADA5D5 /* TaskRow.swift in Sources */,
				987C12A82F64C1AA00A1794A /* PersistenceController.swift in Sources */,
				B28324762F624AB500B633F8 /* TaskDetailCard.swift in Sources */,
				B28324442F62483300B633F8 /* TaskitApp.swift in Sources */,
				987C12AF2F64C58400A1794A /* Taskit.xcdatamodeld in Sources */,
				B28324722F6249FE00B633F8 /* TagChipsView.swift in Sources */,
				B28324782F624ADE00B633F8 /* TaskDetailRow.swift in Sources */,
			);
			runOnlyForDeploymentPostprocessing = 0;
		};
		B283244D2F62483700B633F8 /* Sources */ = {
			isa = PBXSourcesBuildPhase;
			buildActionMask = 2147483647;
			files = (
				B28324562F62483700B633F8 /* TaskitTests.swift in Sources */,
			);
			runOnlyForDeploymentPostprocessing = 0;
		};
		B28324572F62483700B633F8 /* Sources */ = {
			isa = PBXSourcesBuildPhase;
			buildActionMask = 2147483647;
			files = (
				B28324622F62483700B633F8 /* TaskitUITestsLaunchTests.swift in Sources */,
				B28324602F62483700B633F8 /* TaskitUITests.swift in Sources */,
			);
			runOnlyForDeploymentPostprocessing = 0;
		};
/* End PBXSourcesBuildPhase section */

/* Begin PBXTargetDependency section */
		B28324532F62483700B633F8 /* PBXTargetDependency */ = {
			isa = PBXTargetDependency;
			target = B283243F2F62483300B633F8 /* Taskit */;
			targetProxy = B28324522F62483700B633F8 /* PBXContainerItemProxy */;
		};
		B283245D2F62483700B633F8 /* PBXTargetDependency */ = {
			isa = PBXTargetDependency;
			target = B283243F2F62483300B633F8 /* Taskit */;
			targetProxy = B283245C2F62483700B633F8 /* PBXContainerItemProxy */;
		};
/* End PBXTargetDependency section */

/* Begin XCBuildConfiguration section */
		B28324632F62483700B633F8 /* Debug */ = {
			isa = XCBuildConfiguration;
			buildSettings = {
				ALWAYS_SEARCH_USER_PATHS = NO;
				CLANG_ANALYZER_NONNULL = YES;
				CLANG_ANALYZER_NUMBER_OBJECT_CONVERSION = YES_AGGRESSIVE;
				CLANG_CXX_LANGUAGE_STANDARD = "gnu++20";
				CLANG_ENABLE_MODULES = YES;
				CLANG_ENABLE_OBJC_ARC = YES;
				CLANG_ENABLE_OBJC_WEAK = YES;
				CLANG_WARN_BLOCK_CAPTURE_AUTORELEASING = YES;
				CLANG_WARN_BOOL_CONVERSION = YES;
				CLANG_WARN_COMMA = YES;
				CLANG_WARN_CONSTANT_CONVERSION = YES;
				CLANG_WARN_DEPRECATED_OBJC_IMPLEMENTATIONS = YES;
				CLANG_WARN_DIRECT_OBJC_ISA_USAGE = YES_ERROR;
				CLANG_WARN_DOCUMENTATION_COMMENTS = YES;
				CLANG_WARN_EMPTY_BODY = YES;
				CLANG_WARN_ENUM_CONVERSION = YES;
				CLANG_WARN_INFINITE_RECURSION = YES;
				CLANG_WARN_INT_CONVERSION = YES;
				CLANG_WARN_NON_LITERAL_NULL_CONVERSION = YES;
				CLANG_WARN_OBJC_IMPLICIT_RETAIN_SELF = YES;
				CLANG_WARN_OBJC_LITERAL_CONVERSION = YES;
				CLANG_WARN_OBJC_ROOT_CLASS = YES_ERROR;
				CLANG_WARN_QUOTED_INCLUDE_IN_FRAMEWORK_HEADER = YES;
				CLANG_WARN_RANGE_LOOP_ANALYSIS = YES;
				CLANG_WARN_STRICT_PROTOTYPES = YES;
				CLANG_WARN_SUSPICIOUS_MOVE = YES;
				CLANG_WARN_UNGUARDED_AVAILABILITY = YES_AGGRESSIVE;
				CLANG_WARN_UNREACHABLE_CODE = YES;
				CLANG_WARN__DUPLICATE_METHOD_MATCH = YES;
				COPY_PHASE_STRIP = NO;
				DEBUG_INFORMATION_FORMAT = dwarf;
				ENABLE_STRICT_OBJC_MSGSEND = YES;
				ENABLE_TESTABILITY = YES;
				GCC_C_LANGUAGE_STANDARD = gnu11;
				GCC_DYNAMIC_NO_PIC = NO;
				GCC_NO_COMMON_BLOCKS = YES;
				GCC_OPTIMIZATION_LEVEL = 0;
				GCC_PREPROCESSOR_DEFINITIONS = (
					"DEBUG=1",
					"$(inherited)",
				);
				GCC_WARN_64_TO_32_BIT_CONVERSION = YES;
				GCC_WARN_ABOUT_RETURN_TYPE = YES_ERROR;
				GCC_WARN_UNDECLARED_SELECTOR = YES;
				GCC_WARN_UNINITIALIZED_AUTOS = YES_AGGRESSIVE;
				GCC_WARN_UNUSED_FUNCTION = YES;
				GCC_WARN_UNUSED_VARIABLE = YES;
				MTL_ENABLE_DEBUG_INFO = INCLUDE_SOURCE;
				MTL_FAST_MATH = YES;
				ONLY_ACTIVE_ARCH = YES;
				SWIFT_ACTIVE_COMPILATION_CONDITIONS = DEBUG;
				SWIFT_OPTIMIZATION_LEVEL = "-Onone";
			};
			name = Debug;
		};
		B28324642F62483700B633F8 /* Release */ = {
			isa = XCBuildConfiguration;
			buildSettings = {
				ALWAYS_SEARCH_USER_PATHS = NO;
				CLANG_ANALYZER_NONNULL = YES;
				CLANG_ANALYZER_NUMBER_OBJECT_CONVERSION = YES_AGGRESSIVE;
				CLANG_CXX_LANGUAGE_STANDARD = "gnu++20";
				CLANG_ENABLE_MODULES = YES;
				CLANG_ENABLE_OBJC_ARC = YES;
				CLANG_ENABLE_OBJC_WEAK = YES;
				CLANG_WARN_BLOCK_CAPTURE_AUTORELEASING = YES;
				CLANG_WARN_BOOL_CONVERSION = YES;
				CLANG_WARN_COMMA = YES;
				CLANG_WARN_CONSTANT_CONVERSION = YES;
				CLANG_WARN_DEPRECATED_OBJC_IMPLEMENTATIONS = YES;
				CLANG_WARN_DIRECT_OBJC_ISA_USAGE = YES_ERROR;
				CLANG_WARN_DOCUMENTATION_COMMENTS = YES;
				CLANG_WARN_EMPTY_BODY = YES;
				CLANG_WARN_ENUM_CONVERSION = YES;
				CLANG_WARN_INFINITE_RECURSION = YES;
				CLANG_WARN_INT_CONVERSION = YES;
				CLANG_WARN_NON_LITERAL_NULL_CONVERSION = YES;
				CLANG_WARN_OBJC_IMPLICIT_RETAIN_SELF = YES;
				CLANG_WARN_OBJC_LITERAL_CONVERSION = YES;
				CLANG_WARN_OBJC_ROOT_CLASS = YES_ERROR;
				CLANG_WARN_QUOTED_INCLUDE_IN_FRAMEWORK_HEADER = YES;
				CLANG_WARN_RANGE_LOOP_ANALYSIS = YES;
				CLANG_WARN_STRICT_PROTOTYPES = YES;
				CLANG_WARN_SUSPICIOUS_MOVE = YES;
				CLANG_WARN_UNGUARDED_AVAILABILITY = YES_AGGRESSIVE;
				CLANG_WARN_UNREACHABLE_CODE = YES;
				CLANG_WARN__DUPLICATE_METHOD_MATCH = YES;
				COPY_PHASE_STRIP = NO;
				DEBUG_INFORMATION_FORMAT = "dwarf-with-dsym";
				ENABLE_NS_ASSERTIONS = NO;
				ENABLE_STRICT_OBJC_MSGSEND = YES;
				GCC_C_LANGUAGE_STANDARD = gnu11;
				GCC_NO_COMMON_BLOCKS = YES;
				GCC_WARN_64_TO_32_BIT_CONVERSION = YES;
				GCC_WARN_ABOUT_RETURN_TYPE = YES_ERROR;
				GCC_WARN_UNDECLARED_SELECTOR = YES;
				GCC_WARN_UNINITIALIZED_AUTOS = YES_AGGRESSIVE;
				GCC_WARN_UNUSED_FUNCTION = YES;
				GCC_WARN_UNUSED_VARIABLE = YES;
				MTL_ENABLE_DEBUG_INFO = NO;
				MTL_FAST_MATH = YES;
				SWIFT_COMPILATION_MODE = wholemodule;
				SWIFT_OPTIMIZATION_LEVEL = "-O";
			};
			name = Release;
		};
		B28324662F62483700B633F8 /* Debug */ = {
			isa = XCBuildConfiguration;
			buildSettings = {
				ASSETCATALOG_COMPILER_APPICON_NAME = AppIcon;
				ASSETCATALOG_COMPILER_GLOBAL_ACCENT_COLOR_NAME = AccentColor;
				CODE_SIGN_ENTITLEMENTS = Taskit/Taskit.entitlements;
				CODE_SIGN_STYLE = Automatic;
				CURRENT_PROJECT_VERSION = 1;
				DEVELOPMENT_ASSET_PATHS = "\"Taskit/Preview Content\"";
				ENABLE_PREVIEWS = YES;
				GENERATE_INFOPLIST_FILE = YES;
				"INFOPLIST_KEY_UIApplicationSceneManifest_Generation[sdk=iphoneos*]" = YES;
				"INFOPLIST_KEY_UIApplicationSceneManifest_Generation[sdk=iphonesimulator*]" = YES;
				"INFOPLIST_KEY_UIApplicationSupportsIndirectInputEvents[sdk=iphoneos*]" = YES;
				"INFOPLIST_KEY_UIApplicationSupportsIndirectInputEvents[sdk=iphonesimulator*]" = YES;
				"INFOPLIST_KEY_UILaunchScreen_Generation[sdk=iphoneos*]" = YES;
				"INFOPLIST_KEY_UILaunchScreen_Generation[sdk=iphonesimulator*]" = YES;
				"INFOPLIST_KEY_UIStatusBarStyle[sdk=iphoneos*]" = UIStatusBarStyleDefault;
				"INFOPLIST_KEY_UIStatusBarStyle[sdk=iphonesimulator*]" = UIStatusBarStyleDefault;
				INFOPLIST_KEY_UISupportedInterfaceOrientations_iPad = "UIInterfaceOrientationPortrait UIInterfaceOrientationPortraitUpsideDown UIInterfaceOrientationLandscapeLeft UIInterfaceOrientationLandscapeRight";
				INFOPLIST_KEY_UISupportedInterfaceOrientations_iPhone = "UIInterfaceOrientationPortrait UIInterfaceOrientationLandscapeLeft UIInterfaceOrientationLandscapeRight";
				IPHONEOS_DEPLOYMENT_TARGET = 16.0;
				LD_RUNPATH_SEARCH_PATHS = "@executable_path/Frameworks";
				"LD_RUNPATH_SEARCH_PATHS[sdk=macosx*]" = "@executable_path/../Frameworks";
				MACOSX_DEPLOYMENT_TARGET = 12.3;
				MARKETING_VERSION = 1.0;
				PRODUCT_BUNDLE_IDENTIFIER = ca.Taskit;
				PRODUCT_NAME = "$(TARGET_NAME)";
				SDKROOT = auto;
				SUPPORTED_PLATFORMS = "iphoneos iphonesimulator macosx";
				SWIFT_EMIT_LOC_STRINGS = YES;
				SWIFT_VERSION = 5.0;
				TARGETED_DEVICE_FAMILY = "1,2";
			};
			name = Debug;
		};
		B28324672F62483700B633F8 /* Release */ = {
			isa = XCBuildConfiguration;
			buildSettings = {
				ASSETCATALOG_COMPILER_APPICON_NAME = AppIcon;
				ASSETCATALOG_COMPILER_GLOBAL_ACCENT_COLOR_NAME = AccentColor;
				CODE_SIGN_ENTITLEMENTS = Taskit/Taskit.entitlements;
				CODE_SIGN_STYLE = Automatic;
				CURRENT_PROJECT_VERSION = 1;
				DEVELOPMENT_ASSET_PATHS = "\"Taskit/Preview Content\"";
				ENABLE_PREVIEWS = YES;
				GENERATE_INFOPLIST_FILE = YES;
				"INFOPLIST_KEY_UIApplicationSceneManifest_Generation[sdk=iphoneos*]" = YES;
				"INFOPLIST_KEY_UIApplicationSceneManifest_Generation[sdk=iphonesimulator*]" = YES;
				"INFOPLIST_KEY_UIApplicationSupportsIndirectInputEvents[sdk=iphoneos*]" = YES;
				"INFOPLIST_KEY_UIApplicationSupportsIndirectInputEvents[sdk=iphonesimulator*]" = YES;
				"INFOPLIST_KEY_UILaunchScreen_Generation[sdk=iphoneos*]" = YES;
				"INFOPLIST_KEY_UILaunchScreen_Generation[sdk=iphonesimulator*]" = YES;
				"INFOPLIST_KEY_UIStatusBarStyle[sdk=iphoneos*]" = UIStatusBarStyleDefault;
				"INFOPLIST_KEY_UIStatusBarStyle[sdk=iphonesimulator*]" = UIStatusBarStyleDefault;
				INFOPLIST_KEY_UISupportedInterfaceOrientations_iPad = "UIInterfaceOrientationPortrait UIInterfaceOrientationPortraitUpsideDown UIInterfaceOrientationLandscapeLeft UIInterfaceOrientationLandscapeRight";
				INFOPLIST_KEY_UISupportedInterfaceOrientations_iPhone = "UIInterfaceOrientationPortrait UIInterfaceOrientationLandscapeLeft UIInterfaceOrientationLandscapeRight";
				IPHONEOS_DEPLOYMENT_TARGET = 16.0;
				LD_RUNPATH_SEARCH_PATHS = "@executable_path/Frameworks";
				"LD_RUNPATH_SEARCH_PATHS[sdk=macosx*]" = "@executable_path/../Frameworks";
				MACOSX_DEPLOYMENT_TARGET = 12.3;
				MARKETING_VERSION = 1.0;
				PRODUCT_BUNDLE_IDENTIFIER = ca.Taskit;
				PRODUCT_NAME = "$(TARGET_NAME)";
				SDKROOT = auto;
				SUPPORTED_PLATFORMS = "iphoneos iphonesimulator macosx";
				SWIFT_EMIT_LOC_STRINGS = YES;
				SWIFT_VERSION = 5.0;
				TARGETED_DEVICE_FAMILY = "1,2";
			};
			name = Release;
		};
		B28324692F62483700B633F8 /* Debug */ = {
			isa = XCBuildConfiguration;
			buildSettings = {
				ALWAYS_EMBED_SWIFT_STANDARD_LIBRARIES = YES;
				BUNDLE_LOADER = "$(TEST_HOST)";
				CODE_SIGN_STYLE = Automatic;
				CURRENT_PROJECT_VERSION = 1;
				GENERATE_INFOPLIST_FILE = YES;
				IPHONEOS_DEPLOYMENT_TARGET = 16.0;
				MACOSX_DEPLOYMENT_TARGET = 12.3;
				MARKETING_VERSION = 1.0;
				PRODUCT_BUNDLE_IDENTIFIER = ca.TaskitTests;
				PRODUCT_NAME = "$(TARGET_NAME)";
				SDKROOT = auto;
				SUPPORTED_PLATFORMS = "iphoneos iphonesimulator macosx";
				SWIFT_EMIT_LOC_STRINGS = NO;
				SWIFT_VERSION = 5.0;
				TARGETED_DEVICE_FAMILY = "1,2";
				TEST_HOST = "$(BUILT_PRODUCTS_DIR)/Taskit.app/$(BUNDLE_EXECUTABLE_FOLDER_PATH)/Taskit";
			};
			name = Debug;
		};
		B283246A2F62483700B633F8 /* Release */ = {
			isa = XCBuildConfiguration;
			buildSettings = {
				ALWAYS_EMBED_SWIFT_STANDARD_LIBRARIES = YES;
				BUNDLE_LOADER = "$(TEST_HOST)";
				CODE_SIGN_STYLE = Automatic;
				CURRENT_PROJECT_VERSION = 1;
				GENERATE_INFOPLIST_FILE = YES;
				IPHONEOS_DEPLOYMENT_TARGET = 16.0;
				MACOSX_DEPLOYMENT_TARGET = 12.3;
				MARKETING_VERSION = 1.0;
				PRODUCT_BUNDLE_IDENTIFIER = ca.TaskitTests;
				PRODUCT_NAME = "$(TARGET_NAME)";
				SDKROOT = auto;
				SUPPORTED_PLATFORMS = "iphoneos iphonesimulator macosx";
				SWIFT_EMIT_LOC_STRINGS = NO;
				SWIFT_VERSION = 5.0;
				TARGETED_DEVICE_FAMILY = "1,2";
				TEST_HOST = "$(BUILT_PRODUCTS_DIR)/Taskit.app/$(BUNDLE_EXECUTABLE_FOLDER_PATH)/Taskit";
			};
			name = Release;
		};
		B283246C2F62483700B633F8 /* Debug */ = {
			isa = XCBuildConfiguration;
			buildSettings = {
				ALWAYS_EMBED_SWIFT_STANDARD_LIBRARIES = YES;
				CODE_SIGN_STYLE = Automatic;
				CURRENT_PROJECT_VERSION = 1;
				GENERATE_INFOPLIST_FILE = YES;
				IPHONEOS_DEPLOYMENT_TARGET = 16.0;
				MACOSX_DEPLOYMENT_TARGET = 12.3;
				MARKETING_VERSION = 1.0;
				PRODUCT_BUNDLE_IDENTIFIER = ca.TaskitUITests;
				PRODUCT_NAME = "$(TARGET_NAME)";
				SDKROOT = auto;
				SUPPORTED_PLATFORMS = "iphoneos iphonesimulator macosx";
				SWIFT_EMIT_LOC_STRINGS = NO;
				SWIFT_VERSION = 5.0;
				TARGETED_DEVICE_FAMILY = "1,2";
				TEST_TARGET_NAME = Taskit;
			};
			name = Debug;
		};
		B283246D2F62483700B633F8 /* Release */ = {
			isa = XCBuildConfiguration;
			buildSettings = {
				ALWAYS_EMBED_SWIFT_STANDARD_LIBRARIES = YES;
				CODE_SIGN_STYLE = Automatic;
				CURRENT_PROJECT_VERSION = 1;
				GENERATE_INFOPLIST_FILE = YES;
				IPHONEOS_DEPLOYMENT_TARGET = 16.0;
				MACOSX_DEPLOYMENT_TARGET = 12.3;
				MARKETING_VERSION = 1.0;
				PRODUCT_BUNDLE_IDENTIFIER = ca.TaskitUITests;
				PRODUCT_NAME = "$(TARGET_NAME)";
				SDKROOT = auto;
				SUPPORTED_PLATFORMS = "iphoneos iphonesimulator macosx";
				SWIFT_EMIT_LOC_STRINGS = NO;
				SWIFT_VERSION = 5.0;
				TARGETED_DEVICE_FAMILY = "1,2";
				TEST_TARGET_NAME = Taskit;
			};
			name = Release;
		};
/* End XCBuildConfiguration section */

/* Begin XCConfigurationList section */
		B283243B2F62483300B633F8 /* Build configuration list for PBXProject "Taskit" */ = {
			isa = XCConfigurationList;
			buildConfigurations = (
				B28324632F62483700B633F8 /* Debug */,
				B28324642F62483700B633F8 /* Release */,
			);
			defaultConfigurationIsVisible = 0;
			defaultConfigurationName = Release;
		};
		B28324652F62483700B633F8 /* Build configuration list for PBXNativeTarget "Taskit" */ = {
			isa = XCConfigurationList;
			buildConfigurations = (
				B28324662F62483700B633F8 /* Debug */,
				B28324672F62483700B633F8 /* Release */,
			);
			defaultConfigurationIsVisible = 0;
			defaultConfigurationName = Release;
		};
		B28324682F62483700B633F8 /* Build configuration list for PBXNativeTarget "TaskitTests" */ = {
			isa = XCConfigurationList;
			buildConfigurations = (
				B28324692F62483700B633F8 /* Debug */,
				B283246A2F62483700B633F8 /* Release */,
			);
			defaultConfigurationIsVisible = 0;
			defaultConfigurationName = Release;
		};
		B283246B2F62483700B633F8 /* Build configuration list for PBXNativeTarget "TaskitUITests" */ = {
			isa = XCConfigurationList;
			buildConfigurations = (
				B283246C2F62483700B633F8 /* Debug */,
				B283246D2F62483700B633F8 /* Release */,
			);
			defaultConfigurationIsVisible = 0;
			defaultConfigurationName = Release;
		};
/* End XCConfigurationList section */

/* Begin XCVersionGroup section */
		987C12AD2F64C58400A1794A /* Taskit.xcdatamodeld */ = {
			isa = XCVersionGroup;
			children = (
				987C12AE2F64C58400A1794A /* Taskit.xcdatamodel */,
			);
			currentVersion = 987C12AE2F64C58400A1794A /* Taskit.xcdatamodel */;
			path = Taskit.xcdatamodeld;
			sourceTree = "<group>";
			versionGroupType = wrapper.xcdatamodel;
		};
/* End XCVersionGroup section */
	};
	rootObject = B28324382F62483300B633F8 /* Project object */;
}
